
Microsoft Visual Studio Solution File, Format Version 12.00
# Visual Studio Version 16
VisualStudioVersion = 16.0.33130.400
MinimumVisualStudioVersion = 10.0.40219.1
Project("{8BC9CEB8-8B4A-11D0-8D11-00A0C91BC942}") = "PathTracerAP", "PathTracerAP\PathTracerAP.vcxproj", "{6430B0F1-E134-4DB5-A1B2-5C5991115DF3}"
EndProject
Global
	GlobalSection(SolutionConfigurationPlatforms) = preSolution
		Debug|x64 = Debug|x64
		Debug|x86 = Debug|x86
		Release|x64 = Release|x64
		Release|x86 = Release|x86
	EndGlobalSection
	GlobalSection(ProjectConfigurationPlatforms) = postSolution
		{6430B0F1-E134-4DB5-A1B2-5C5991115DF3}.Debug|x64.ActiveCfg = Debug|x64
		{6430B0F1-E134-4DB5-A1B2-5C5991115DF3}.Debug|x64.Build.0 = Debug|x64
		{6430B0F1-E134-4DB5-A1B2-5C5991115DF3}.Debug|x86.ActiveCfg = Debug|Win32
		{6430B0F1-E134-4DB5-A1B2-5C5991115DF3}.Debug|x86.Build.0 = Debug|Win32
		{6430B0F1-E134-4DB5-A1B2-5C5991115DF3}.Release|x64.ActiveCfg = Release|x64
		{6430B0F1-E134-4DB5-A1B2-5C5991115DF3}.Release|x64.Build.0 = Release|x64
		{6430B0F1-E134-4DB5-A1B2-5C5991115DF3}.Release|x86.ActiveCfg = Release|Win32
		{6430B0F1-E134-4DB5-A1B2-5C5991115DF3}.Release|x86.Build.0 = Release|Win32
	EndGlobalSection
	GlobalSection(SolutionProperties) = preSolution
		HideSolutionNode = FALSE
	EndGlobalSection
	GlobalSection(ExtensibilityGlobals) = postSolution
		SolutionGuid = {CC8CB4F3-D156-4E1F-94AF-6FEEA34E429E}
	EndGlobalSection
EndGlobal
